{
  "name": "docs-ox",
  "lockfileVersion": 3,
  "requires": true,
  "packages": {
    "": {
      "name": "docs-ox",
      "devDependencies": {
        "@ox-uni-press/cli": "^0.1.4"
      }
    },
    "node_modules/@ox-uni-press/adapters": {
      "version": "0.1.0",
      "resolved": "https://registry.npmjs.org/@ox-uni-press/adapters/-/adapters-0.1.0.tgz",
      "integrity": "sha512-xhasH+c+rSFk4+RP8DULKmVewt+uqjxfcrH6R7OC8uWvO4u82ZOL4bOXN6AgvIRmDbajxTDufx9vKZ298oH8Dw==",
      "dev": true,
      "license": "MIT",
      "dependencies": {
        "@ox-uni-press/contracts": "0.1.0"
      }
    },
    "node_modules/@ox-uni-press/adapters/node_modules/@ox-uni-press/contracts": {
      "version": "0.1.0",
      "resolved": "https://registry.npmjs.org/@ox-uni-press/contracts/-/contracts-0.1.0.tgz",
      "integrity": "sha512-8pgKxMfoFERc3bJvjSdlVWTYZ0ykYqB96aDv+DWzqv57UoYgIpFd4dV9gCcavNMfw2ejRf1uX1azLv1/DXKNuQ==",
      "dev": true,
      "license": "MIT"
    },
    "node_modules/@ox-uni-press/cli": {
      "version": "0.1.4",
      "resolved": "https://registry.npmjs.org/@ox-uni-press/cli/-/cli-0.1.4.tgz",
      "integrity": "sha512-LPHxXDh3GWQqSGLXs2i4BmHtgF6VqacfXGXBnTGr5yGP1EmQ/sIWlEv/z5IDyYkgNXawgXfrHFhTUURPiokYcA==",
      "dev": true,
      "license": "MIT",
      "dependencies": {
        "@ox-uni-press/adapters": "^0.1.0",
        "@ox-uni-press/contracts": "^0.1.1",
        "@ox-uni-press/core": "^0.2.0"
      },
      "bin": {
        "ox-uni-press": "dist/index.js"
      },
      "engines": {
        "node": ">=24.0.0"
      }
    },
    "node_modules/@ox-uni-press/contracts": {
      "version": "0.1.1",
      "resolved": "https://registry.npmjs.org/@ox-uni-press/contracts/-/contracts-0.1.1.tgz",
      "integrity": "sha512-IH8c53jo8GE6WqbQnzOfQXmLf08ZKlgX+BG04u3ifDyPkwZmhOdoBW6oW0ykiHrxqbP/2P+NJgRQdFFBR5Zhtw==",
      "dev": true,
      "license": "MIT"
    },
    "node_modules/@ox-uni-press/core": {
      "version": "0.2.0",
      "resolved": "https://registry.npmjs.org/@ox-uni-press/core/-/core-0.2.0.tgz",
      "integrity": "sha512-3qkohbLPraH9kH41zKU10tPMhjxCSkx6NiQbNxu2EDlh7kyA2pgTFdJd3wmiZi9P8zsqyfsFzb6iELTsHFBcxQ==",
      "dev": true,
      "license": "MIT",
      "dependencies": {
        "@ox-uni-press/contracts": "^0.1.1"
      }
    }
  }
}
